
Microsoft Visual Studio Solution File, Format Version 12.00
# Visual Studio Version 16
VisualStudioVersion = 16.0.30011.22
MinimumVisualStudioVersion = 10.0.40219.1
Project("{FAE04EC0-301F-11D3-BF4B-00C04F79EFBC}") = "RPGConsoleTutorialSeries", "RPGConsoleTutorialSeries\RPGConsoleTutorialSeries.csproj", "{E54A9C6B-EE6F-4D52-AAF1-3981791FCD97}"
EndProject
Global
	GlobalSection(SolutionConfigurationPlatforms) = preSolution
		Debug|Any CPU = Debug|Any CPU
		Release|Any CPU = Release|Any CPU
	EndGlobalSection
	GlobalSection(ProjectConfigurationPlatforms) = postSolution
		{E54A9C6B-EE6F-4D52-AAF1-3981791FCD97}.Debug|Any CPU.ActiveCfg = Debug|Any CPU
		{E54A9C6B-EE6F-4D52-AAF1-3981791FCD97}.Debug|Any CPU.Build.0 = Debug|Any CPU
		{E54A9C6B-EE6F-4D52-AAF1-3981791FCD97}.Release|Any CPU.ActiveCfg = Release|Any CPU
		{E54A9C6B-EE6F-4D52-AAF1-3981791FCD97}.Release|Any CPU.Build.0 = Release|Any CPU
	EndGlobalSection
	GlobalSection(SolutionProperties) = preSolution
		HideSolutionNode = FALSE
	EndGlobalSection
	GlobalSection(ExtensibilityGlobals) = postSolution
		SolutionGuid = {5177223E-A6E7-4599-8AD3-BBA791483C27}
	EndGlobalSection
EndGlobal
